
Microsoft Visual Studio Solution File, Format Version 12.00
# Visual Studio Version 17
VisualStudioVersion = 17.8.34330.188
MinimumVisualStudioVersion = 10.0.40219.1
Project("{FAE04EC0-301F-11D3-BF4B-00C04F79EFBC}") = "MessageProcessingSystem", "MessageProcessingSystem\MessageProcessingSystem.csproj", "{5036B65D-6E71-46CA-BA5C-E8BBA94A4B2F}"
EndProject
Project("{FAE04EC0-301F-11D3-BF4B-00C04F79EFBC}") = "Service", "Service\Service.csproj", "{8859F859-D323-4BE0-9082-0BB662293727}"
EndProject
Project("{FAE04EC0-301F-11D3-BF4B-00C04F79EFBC}") = "Repository", "Repository\Repository.csproj", "{89078C83-93B9-4497-9A42-630DEA9BD01D}"
EndProject
Project("{FAE04EC0-301F-11D3-BF4B-00C04F79EFBC}") = "Model", "Model\Model.csproj", "{C27001D2-D17E-4010-99EC-1B2622763070}"
EndProject
Project("{FAE04EC0-301F-11D3-BF4B-00C04F79EFBC}") = "Mapper", "Mapper\Mapper.csproj", "{B29B81BE-4E33-49BE-B3E3-70570AB0FEFF}"
EndProject
Global
	GlobalSection(SolutionConfigurationPlatforms) = preSolution
		Debug|Any CPU = Debug|Any CPU
		Release|Any CPU = Release|Any CPU
	EndGlobalSection
	GlobalSection(ProjectConfigurationPlatforms) = postSolution
		{5036B65D-6E71-46CA-BA5C-E8BBA94A4B2F}.Debug|Any CPU.ActiveCfg = Debug|Any CPU
		{5036B65D-6E71-46CA-BA5C-E8BBA94A4B2F}.Debug|Any CPU.Build.0 = Debug|Any CPU
		{5036B65D-6E71-46CA-BA5C-E8BBA94A4B2F}.Release|Any CPU.ActiveCfg = Release|Any CPU
		{5036B65D-6E71-46CA-BA5C-E8BBA94A4B2F}.Release|Any CPU.Build.0 = Release|Any CPU
		{8859F859-D323-4BE0-9082-0BB662293727}.Debug|Any CPU.ActiveCfg = Debug|Any CPU
		{8859F859-D323-4BE0-9082-0BB662293727}.Debug|Any CPU.Build.0 = Debug|Any CPU
		{8859F859-D323-4BE0-9082-0BB662293727}.Release|Any CPU.ActiveCfg = Release|Any CPU
		{8859F859-D323-4BE0-9082-0BB662293727}.Release|Any CPU.Build.0 = Release|Any CPU
		{89078C83-93B9-4497-9A42-630DEA9BD01D}.Debug|Any CPU.ActiveCfg = Debug|Any CPU
		{89078C83-93B9-4497-9A42-630DEA9BD01D}.Debug|Any CPU.Build.0 = Debug|Any CPU
		{89078C83-93B9-4497-9A42-630DEA9BD01D}.Release|Any CPU.ActiveCfg = Release|Any CPU
		{89078C83-93B9-4497-9A42-630DEA9BD01D}.Release|Any CPU.Build.0 = Release|Any CPU
		{C27001D2-D17E-4010-99EC-1B2622763070}.Debug|Any CPU.ActiveCfg = Debug|Any CPU
		{C27001D2-D17E-4010-99EC-1B2622763070}.Debug|Any CPU.Build.0 = Debug|Any CPU
		{C27001D2-D17E-4010-99EC-1B2622763070}.Release|Any CPU.ActiveCfg = Release|Any CPU
		{C27001D2-D17E-4010-99EC-1B2622763070}.Release|Any CPU.Build.0 = Release|Any CPU
		{B29B81BE-4E33-49BE-B3E3-70570AB0FEFF}.Debug|Any CPU.ActiveCfg = Debug|Any CPU
		{B29B81BE-4E33-49BE-B3E3-70570AB0FEFF}.Debug|Any CPU.Build.0 = Debug|Any CPU
		{B29B81BE-4E33-49BE-B3E3-70570AB0FEFF}.Release|Any CPU.ActiveCfg = Release|Any CPU
		{B29B81BE-4E33-49BE-B3E3-70570AB0FEFF}.Release|Any CPU.Build.0 = Release|Any CPU
	EndGlobalSection
	GlobalSection(SolutionProperties) = preSolution
		HideSolutionNode = FALSE
	EndGlobalSection
	GlobalSection(ExtensibilityGlobals) = postSolution
		SolutionGuid = {D4122A9E-C785-4698-983B-C045C1702F2C}
	EndGlobalSection
EndGlobal
